
Microsoft Visual Studio Solution File, Format Version 12.00
# Visual Studio 15
VisualStudioVersion = 15.0.26403.3
MinimumVisualStudioVersion = 10.0.40219.1
Project("{FAE04EC0-301F-11D3-BF4B-00C04F79EFBC}") = "One Real Estate - Database", "One Real Estate - Database\One Real Estate - Database.csproj", "{9A9700AE-D69C-42EA-9708-CD4BF174C864}"
EndProject
Project("{FAE04EC0-301F-11D3-BF4B-00C04F79EFBC}") = "One Real Estate - Database.Tests", "One Real Estate - Database.Tests\One Real Estate - Database.Tests.csproj", "{BE60BC6D-E2F1-4809-A492-DBD96AF061F6}"
EndProject
Global
	GlobalSection(SolutionConfigurationPlatforms) = preSolution
		Debug|Any CPU = Debug|Any CPU
		Release|Any CPU = Release|Any CPU
	EndGlobalSection
	GlobalSection(ProjectConfigurationPlatforms) = postSolution
		{9A9700AE-D69C-42EA-9708-CD4BF174C864}.Debug|Any CPU.ActiveCfg = Debug|Any CPU
		{9A9700AE-D69C-42EA-9708-CD4BF174C864}.Debug|Any CPU.Build.0 = Debug|Any CPU
		{9A9700AE-D69C-42EA-9708-CD4BF174C864}.Release|Any CPU.ActiveCfg = Release|Any CPU
		{9A9700AE-D69C-42EA-9708-CD4BF174C864}.Release|Any CPU.Build.0 = Release|Any CPU
		{BE60BC6D-E2F1-4809-A492-DBD96AF061F6}.Debug|Any CPU.ActiveCfg = Debug|Any CPU
		{BE60BC6D-E2F1-4809-A492-DBD96AF061F6}.Debug|Any CPU.Build.0 = Debug|Any CPU
		{BE60BC6D-E2F1-4809-A492-DBD96AF061F6}.Release|Any CPU.ActiveCfg = Release|Any CPU
		{BE60BC6D-E2F1-4809-A492-DBD96AF061F6}.Release|Any CPU.Build.0 = Release|Any CPU
	EndGlobalSection
	GlobalSection(SolutionProperties) = preSolution
		HideSolutionNode = FALSE
	EndGlobalSection
EndGlobal
